// !$*UTF8*$!
{
	archiveVersion = 1;
	classes = {
	};
	objectVersion = 50;
	objects = {

/* Begin PBXBuildFile section */
		1B7547485A56829ADA0E8A7C /* Pods_ToneManager.framework in Frameworks */ = {isa = PBXBuildFile; fileRef = E87726A0BFD0B4E267CD5179 /* Pods_ToneManager.framework */; };
		24496B23214991B40031E422 /* RingtoneInstaller.swift in Sources */ = {isa = PBXBuildFile; fileRef = 24496B22214991B40031E422 /* RingtoneInstaller.swift */; };
		24496B25214AAF860031E422 /* AVFoundation.framework in Frameworks */ = {isa = PBXBuildFile; fileRef = 24496B24214AAF860031E422 /* AVFoundation.framework */; };
		244B0C44215A5AAF00E0C69E /* RingtoneInstallerDelegate.swift in Sources */ = {isa = PBXBuildFile; fileRef = 244B0C43215A5AAF00E0C69E /* RingtoneInstallerDelegate.swift */; };
		244DD1542154F3D200C995E7 /* ActionSheetGenerator.swift in Sources */ = {isa = PBXBuildFile; fileRef = 244DD1532154F3D200C995E7 /* ActionSheetGenerator.swift */; };
		244DD1582155782000C995E7 /* AppListCell.swift in Sources */ = {isa = PBXBuildFile; fileRef = 244DD1572155782000C995E7 /* AppListCell.swift */; };
		245C728E21576BCF00D07410 /* UIImageView+Rotate.swift in Sources */ = {isa = PBXBuildFile; fileRef = 245C728D21576BCF00D07410 /* UIImageView+Rotate.swift */; };
		245C729021578A6A00D07410 /* HelpItem.swift in Sources */ = {isa = PBXBuildFile; fileRef = 245C728F21578A6A00D07410 /* HelpItem.swift */; };
		245C729221578BD800D07410 /* HelpData.swift in Sources */ = {isa = PBXBuildFile; fileRef = 245C729121578BD800D07410 /* HelpData.swift */; };
		245C72942157C0A300D07410 /* MessageUI.framework in Frameworks */ = {isa = PBXBuildFile; fileRef = 245C72932157C0A300D07410 /* MessageUI.framework */; };
		245C72962157D63B00D07410 /* RingtoneConverter.swift in Sources */ = {isa = PBXBuildFile; fileRef = 245C72952157D63B00D07410 /* RingtoneConverter.swift */; };
		245C72982158E4A900D07410 /* PopupGenerator.swift in Sources */ = {isa = PBXBuildFile; fileRef = 245C72972158E4A900D07410 /* PopupGenerator.swift */; };
		245C729A21591A1000D07410 /* URL+AudioDuration.swift in Sources */ = {isa = PBXBuildFile; fileRef = 245C729921591A1000D07410 /* URL+AudioDuration.swift */; };
		2477828221524D720058074F /* RingtoneCellButton.swift in Sources */ = {isa = PBXBuildFile; fileRef = 2477828121524D720058074F /* RingtoneCellButton.swift */; };
		2477828521525CE10058074F /* ActionSheetController.swift in Sources */ = {isa = PBXBuildFile; fileRef = 2477828321525CE00058074F /* ActionSheetController.swift */; };
		2477828621525CE10058074F /* ActionSheetCell.xib in Resources */ = {isa = PBXBuildFile; fileRef = 2477828421525CE00058074F /* ActionSheetCell.xib */; };
		2477828821525CF50058074F /* ActionSheetCell.swift in Sources */ = {isa = PBXBuildFile; fileRef = 2477828721525CF50058074F /* ActionSheetCell.swift */; };
		2477828A21525D840058074F /* ActionData.swift in Sources */ = {isa = PBXBuildFile; fileRef = 2477828921525D840058074F /* ActionData.swift */; };
		2477828C215298980058074F /* Error.swift in Sources */ = {isa = PBXBuildFile; fileRef = 2477828B215298980058074F /* Error.swift */; };
		24778296215414C40058074F /* RingtoneAssigner.swift in Sources */ = {isa = PBXBuildFile; fileRef = 24778295215414C40058074F /* RingtoneAssigner.swift */; };
		2477829821542E590058074F /* ContactsUI.framework in Frameworks */ = {isa = PBXBuildFile; fileRef = 2477829721542E590058074F /* ContactsUI.framework */; };
		2477829E215432490058074F /* CNMutableContactHandler.m in Sources */ = {isa = PBXBuildFile; fileRef = 2477829D215432490058074F /* CNMutableContactHandler.m */; };
		247AFDF421511344007191E1 /* AppSetupManager.swift in Sources */ = {isa = PBXBuildFile; fileRef = 247AFDF321511344007191E1 /* AppSetupManager.swift */; };
		247AFDF6215122EC007191E1 /* FirstRun.storyboard in Resources */ = {isa = PBXBuildFile; fileRef = 247AFDF5215122EC007191E1 /* FirstRun.storyboard */; };
		247AFDF8215124D7007191E1 /* FirstRunPageViewController.swift in Sources */ = {isa = PBXBuildFile; fileRef = 247AFDF7215124D7007191E1 /* FirstRunPageViewController.swift */; };
		247AFDFA21515846007191E1 /* AppearanceManager.swift in Sources */ = {isa = PBXBuildFile; fileRef = 247AFDF921515846007191E1 /* AppearanceManager.swift */; };
		2491B38D214E49B6001B36DE /* SideMenuTableViewController.swift in Sources */ = {isa = PBXBuildFile; fileRef = 2491B38C214E49B6001B36DE /* SideMenuTableViewController.swift */; };
		2491B38F214EE1FA001B36DE /* StoreKit.framework in Frameworks */ = {isa = PBXBuildFile; fileRef = 2491B38E214EE1FA001B36DE /* StoreKit.framework */; };
		2491B391214F8FB1001B36DE /* RingtonePlayer.swift in Sources */ = {isa = PBXBuildFile; fileRef = 2491B390214F8FB1001B36DE /* RingtonePlayer.swift */; };
		2491B393214FA681001B36DE /* RingtoneManager.swift in Sources */ = {isa = PBXBuildFile; fileRef = 2491B392214FA681001B36DE /* RingtoneManager.swift */; };
		2491B398214FA8D1001B36DE /* LSApplicationWorkspaceHandler.m in Sources */ = {isa = PBXBuildFile; fileRef = 2491B397214FA8D1001B36DE /* LSApplicationWorkspaceHandler.m */; };
		2496949B214409E2009960D7 /* RingtoneDetailViewController.swift in Sources */ = {isa = PBXBuildFile; fileRef = 2496949A214409E2009960D7 /* RingtoneDetailViewController.swift */; };
		249694A22144F0A7009960D7 /* Main.storyboard in Resources */ = {isa = PBXBuildFile; fileRef = 2496949E2144EBB9009960D7 /* Main.storyboard */; };
		249694A521450AC6009960D7 /* entitlements.xml in Resources */ = {isa = PBXBuildFile; fileRef = 249694A421450AC6009960D7 /* entitlements.xml */; };
		249694A721454F96009960D7 /* RingtoneScanner.swift in Sources */ = {isa = PBXBuildFile; fileRef = 249694A621454F96009960D7 /* RingtoneScanner.swift */; };
		249694A921456804009960D7 /* SynchronizedArray.swift in Sources */ = {isa = PBXBuildFile; fileRef = 249694A821456804009960D7 /* SynchronizedArray.swift */; };
		249694AE214799F0009960D7 /* AppListViewController.swift in Sources */ = {isa = PBXBuildFile; fileRef = 249694AD214799F0009960D7 /* AppListViewController.swift */; };
		249694B02147ECEF009960D7 /* SettingsRingtoneAppsViewController.swift in Sources */ = {isa = PBXBuildFile; fileRef = 249694AF2147ECEF009960D7 /* SettingsRingtoneAppsViewController.swift */; };
		2497A63B214251D200597B5C /* AppDelegate.swift in Sources */ = {isa = PBXBuildFile; fileRef = 2497A63A214251D200597B5C /* AppDelegate.swift */; };
		2497A640214251D300597B5C /* LaunchScreen.storyboard in Resources */ = {isa = PBXBuildFile; fileRef = 2497A63E214251D300597B5C /* LaunchScreen.storyboard */; };
		2497A64B214251D300597B5C /* ToneManagerTests.swift in Sources */ = {isa = PBXBuildFile; fileRef = 2497A64A214251D300597B5C /* ToneManagerTests.swift */; };
		2497A656214251D400597B5C /* ToneManagerUITests.swift in Sources */ = {isa = PBXBuildFile; fileRef = 2497A655214251D400597B5C /* ToneManagerUITests.swift */; };
		2497A6662142533600597B5C /* RingtoneTableViewController.swift in Sources */ = {isa = PBXBuildFile; fileRef = 2497A6652142533600597B5C /* RingtoneTableViewController.swift */; };
		2497A6682142537B00597B5C /* Ringtone.swift in Sources */ = {isa = PBXBuildFile; fileRef = 2497A6672142537B00597B5C /* Ringtone.swift */; };
		2497A66A2142538500597B5C /* RingtoneStore.swift in Sources */ = {isa = PBXBuildFile; fileRef = 2497A6692142538500597B5C /* RingtoneStore.swift */; };
		2497F65B21557F1300324FF1 /* libapplist.dylib in Frameworks */ = {isa = PBXBuildFile; fileRef = 2497F65A21557F1300324FF1 /* libapplist.dylib */; };
		2497F65E2155816600324FF1 /* AppListCellDelegate.swift in Sources */ = {isa = PBXBuildFile; fileRef = 2497F65D2155816600324FF1 /* AppListCellDelegate.swift */; };
		2497F6602155907A00324FF1 /* AdvancedSettingsViewController.swift in Sources */ = {isa = PBXBuildFile; fileRef = 2497F65F2155907A00324FF1 /* AdvancedSettingsViewController.swift */; };
		24982BD2214CE12B00DD0474 /* ColorPalette.swift in Sources */ = {isa = PBXBuildFile; fileRef = 24982BD1214CE12B00DD0474 /* ColorPalette.swift */; };
		24982BD4214CE16700DD0474 /* Preferences.swift in Sources */ = {isa = PBXBuildFile; fileRef = 24982BD3214CE16700DD0474 /* Preferences.swift */; };
		24AB6590215A38C900A91C7A /* URL+Size.swift in Sources */ = {isa = PBXBuildFile; fileRef = 24AB658F215A38C900A91C7A /* URL+Size.swift */; };
		24AB6592215A4A3700A91C7A /* String+AppendRandom.swift in Sources */ = {isa = PBXBuildFile; fileRef = 24AB6591215A4A3700A91C7A /* String+AppendRandom.swift */; };
		24B5E29C21568A7700A8A70A /* assets.xcassets in Resources */ = {isa = PBXBuildFile; fileRef = 24B5E29B21568A7700A8A70A /* assets.xcassets */; };
		24B5E29E2156ADAE00A8A70A /* HelpTableViewController.swift in Sources */ = {isa = PBXBuildFile; fileRef = 24B5E29D2156ADAE00A8A70A /* HelpTableViewController.swift */; };
		24B5E2A02156ADB700A8A70A /* HelpTableViewCell.swift in Sources */ = {isa = PBXBuildFile; fileRef = 24B5E29F2156ADB700A8A70A /* HelpTableViewCell.swift */; };
		24C529FA21597E9700770587 /* Localizable.swift in Sources */ = {isa = PBXBuildFile; fileRef = 24C529F921597E9700770587 /* Localizable.swift */; };
		24DFBB50215A27D9009B4C30 /* ToneLibraryProxy.swift in Sources */ = {isa = PBXBuildFile; fileRef = 24DFBB4F215A27D9009B4C30 /* ToneLibraryProxy.swift */; };
		24DFBB52215A285B009B4C30 /* GlobalConstants.swift in Sources */ = {isa = PBXBuildFile; fileRef = 24DFBB51215A285B009B4C30 /* GlobalConstants.swift */; };
		24EE206B214276CF0045D678 /* SettingsViewController.swift in Sources */ = {isa = PBXBuildFile; fileRef = 24EE206A214276CF0045D678 /* SettingsViewController.swift */; };
		24EE2075214295480045D678 /* RingtoneTableCell.swift in Sources */ = {isa = PBXBuildFile; fileRef = 24EE2074214295480045D678 /* RingtoneTableCell.swift */; };
		24EE20842142C9590045D678 /* TLToneManagerHandler.m in Sources */ = {isa = PBXBuildFile; fileRef = 24EE20822142C9590045D678 /* TLToneManagerHandler.m */; };
		24EE20872142D9A30045D678 /* FBApplicationInfoHandler.m in Sources */ = {isa = PBXBuildFile; fileRef = 24EE20862142D9A30045D678 /* FBApplicationInfoHandler.m */; };
		24EE208A2142EB050045D678 /* MobileCoreServices.framework in Frameworks */ = {isa = PBXBuildFile; fileRef = 24EE20892142EB050045D678 /* MobileCoreServices.framework */; };
		24F7ECE4214FD78900A46E72 /* String+Version.swift in Sources */ = {isa = PBXBuildFile; fileRef = 24F7ECE3214FD78900A46E72 /* String+Version.swift */; };
		24F7ECE6214FD7C200A46E72 /* String+CondenseWhitespace.swift in Sources */ = {isa = PBXBuildFile; fileRef = 24F7ECE5214FD7C200A46E72 /* String+CondenseWhitespace.swift */; };
		24F7ECE8214FD7F600A46E72 /* URL+RingtoneName.swift in Sources */ = {isa = PBXBuildFile; fileRef = 24F7ECE7214FD7F600A46E72 /* URL+RingtoneName.swift */; };
		24F7ECEA214FD84C00A46E72 /* Notification+Name.swift in Sources */ = {isa = PBXBuildFile; fileRef = 24F7ECE9214FD84C00A46E72 /* Notification+Name.swift */; };
		24F7ECEC214FF17600A46E72 /* UIApplication+TopViewController.swift in Sources */ = {isa = PBXBuildFile; fileRef = 24F7ECEB214FF17600A46E72 /* UIApplication+TopViewController.swift */; };
		24F7ECEE215023D900A46E72 /* RingtoneFileImporter.swift in Sources */ = {isa = PBXBuildFile; fileRef = 24F7ECED215023D900A46E72 /* RingtoneFileImporter.swift */; };
		2544D0FECB1B4F822D4DEB46 /* Pods_ToneManager.framework in Frameworks */ = {isa = PBXBuildFile; fileRef = 3AB2F0288DA14F8204028D09 /* Pods_ToneManager.framework */; };
		30F4C62E8F6AF1DA3B7B1D40 /* Pods_ToneManagerTests.framework in Frameworks */ = {isa = PBXBuildFile; fileRef = B56DFC59107A5F6111AB3E4A /* Pods_ToneManagerTests.framework */; };
		3A0E0435786C44BF60985FC7 /* Pods_ToneManagerTests.framework in Frameworks */ = {isa = PBXBuildFile; fileRef = 17550D99DF4A1C51678E878B /* Pods_ToneManagerTests.framework */; };
		BE4E087C5B988C85CBA2F99B /* Pods_ToneManagerUITests.framework in Frameworks */ = {isa = PBXBuildFile; fileRef = 787B7BD1ECCE5249CE75158F /* Pods_ToneManagerUITests.framework */; };
		F7EECDE01BA83D5715DAFA5D /* Pods_ToneManagerUITests.framework in Frameworks */ = {isa = PBXBuildFile; fileRef = B3FB56436B5FE7D0AF8E042F /* Pods_ToneManagerUITests.framework */; };
/* End PBXBuildFile section */

/* Begin PBXContainerItemProxy section */
		2497A647214251D300597B5C /* PBXContainerItemProxy */ = {
			isa = PBXContainerItemProxy;
			containerPortal = 2497A62F214251D200597B5C /* Project object */;
			proxyType = 1;
			remoteGlobalIDString = 2497A636214251D200597B5C;
			remoteInfo = ToneManager;
		};
		2497A652214251D300597B5C /* PBXContainerItemProxy */ = {
			isa = PBXContainerItemProxy;
			containerPortal = 2497A62F214251D200597B5C /* Project object */;
			proxyType = 1;
			remoteGlobalIDString = 2497A636214251D200597B5C;
			remoteInfo = ToneManager;
		};
/* End PBXContainerItemProxy section */

/* Begin PBXFileReference section */
		17550D99DF4A1C51678E878B /* Pods_ToneManagerTests.framework */ = {isa = PBXFileReference; explicitFileType = wrapper.framework; includeInIndex = 0; path = Pods_ToneManagerTests.framework; sourceTree = BUILT_PRODUCTS_DIR; };
		24496B22214991B40031E422 /* RingtoneInstaller.swift */ = {isa = PBXFileReference; lastKnownFileType = sourcecode.swift; path = RingtoneInstaller.swift; sourceTree = "<group>"; };
		24496B24214AAF860031E422 /* AVFoundation.framework */ = {isa = PBXFileReference; lastKnownFileType = wrapper.framework; name = AVFoundation.framework; path = System/Library/Frameworks/AVFoundation.framework; sourceTree = SDKROOT; };
		244B0C43215A5AAF00E0C69E /* RingtoneInstallerDelegate.swift */ = {isa = PBXFileReference; lastKnownFileType = sourcecode.swift; path = RingtoneInstallerDelegate.swift; sourceTree = "<group>"; };
		244DD1532154F3D200C995E7 /* ActionSheetGenerator.swift */ = {isa = PBXFileReference; lastKnownFileType = sourcecode.swift; path = ActionSheetGenerator.swift; sourceTree = "<group>"; };
		244DD1572155782000C995E7 /* AppListCell.swift */ = {isa = PBXFileReference; lastKnownFileType = sourcecode.swift; path = AppListCell.swift; sourceTree = "<group>"; };
		245C728D21576BCF00D07410 /* UIImageView+Rotate.swift */ = {isa = PBXFileReference; lastKnownFileType = sourcecode.swift; path = "UIImageView+Rotate.swift"; sourceTree = "<group>"; };
		245C728F21578A6A00D07410 /* HelpItem.swift */ = {isa = PBXFileReference; lastKnownFileType = sourcecode.swift; path = HelpItem.swift; sourceTree = "<group>"; };
		245C729121578BD800D07410 /* HelpData.swift */ = {isa = PBXFileReference; lastKnownFileType = sourcecode.swift; path = HelpData.swift; sourceTree = "<group>"; };
		245C72932157C0A300D07410 /* MessageUI.framework */ = {isa = PBXFileReference; lastKnownFileType = wrapper.framework; name = MessageUI.framework; path = System/Library/Frameworks/MessageUI.framework; sourceTree = SDKROOT; };
		245C72952157D63B00D07410 /* RingtoneConverter.swift */ = {isa = PBXFileReference; lastKnownFileType = sourcecode.swift; path = RingtoneConverter.swift; sourceTree = "<group>"; };
		245C72972158E4A900D07410 /* PopupGenerator.swift */ = {isa = PBXFileReference; lastKnownFileType = sourcecode.swift; path = PopupGenerator.swift; sourceTree = "<group>"; };
		245C729921591A1000D07410 /* URL+AudioDuration.swift */ = {isa = PBXFileReference; lastKnownFileType = sourcecode.swift; path = "URL+AudioDuration.swift"; sourceTree = "<group>"; };
		245C72A02159212200D07410 /* Task.h */ = {isa = PBXFileReference; lastKnownFileType = sourcecode.c.h; path = Task.h; sourceTree = "<group>"; };
		2477828121524D720058074F /* RingtoneCellButton.swift */ = {isa = PBXFileReference; lastKnownFileType = sourcecode.swift; path = RingtoneCellButton.swift; sourceTree = "<group>"; };
		2477828321525CE00058074F /* ActionSheetController.swift */ = {isa = PBXFileReference; fileEncoding = 4; lastKnownFileType = sourcecode.swift; path = ActionSheetController.swift; sourceTree = "<group>"; };
		2477828421525CE00058074F /* ActionSheetCell.xib */ = {isa = PBXFileReference; fileEncoding = 4; lastKnownFileType = file.xib; path = ActionSheetCell.xib; sourceTree = "<group>"; };
		2477828721525CF50058074F /* ActionSheetCell.swift */ = {isa = PBXFileReference; lastKnownFileType = sourcecode.swift; path = ActionSheetCell.swift; sourceTree = "<group>"; };
		2477828921525D840058074F /* ActionData.swift */ = {isa = PBXFileReference; fileEncoding = 4; lastKnownFileType = sourcecode.swift; path = ActionData.swift; sourceTree = "<group>"; };
		2477828B215298980058074F /* Error.swift */ = {isa = PBXFileReference; lastKnownFileType = sourcecode.swift; path = Error.swift; sourceTree = "<group>"; };
		247782912153C0DB0058074F /* changelog.xml */ = {isa = PBXFileReference; fileEncoding = 4; lastKnownFileType = text.xml; name = changelog.xml; path = ../../../../GitHub/jesperflodin1.github.io/depictions/fi.flodin.tonemanager/changelog.xml; sourceTree = "<group>"; };
		247782922153C0DB0058074F /* info.xml */ = {isa = PBXFileReference; fileEncoding = 4; lastKnownFileType = text.xml; name = info.xml; path = ../../../../GitHub/jesperflodin1.github.io/depictions/fi.flodin.tonemanager/info.xml; sourceTree = "<group>"; };
		24778295215414C40058074F /* RingtoneAssigner.swift */ = {isa = PBXFileReference; lastKnownFileType = sourcecode.swift; path = RingtoneAssigner.swift; sourceTree = "<group>"; };
		2477829721542E590058074F /* ContactsUI.framework */ = {isa = PBXFileReference; lastKnownFileType = wrapper.framework; name = ContactsUI.framework; path = System/Library/Frameworks/ContactsUI.framework; sourceTree = SDKROOT; };
		2477829C215432490058074F /* CNMutableContactHandler.h */ = {isa = PBXFileReference; lastKnownFileType = sourcecode.c.h; path = CNMutableContactHandler.h; sourceTree = "<group>"; };
		2477829D215432490058074F /* CNMutableContactHandler.m */ = {isa = PBXFileReference; lastKnownFileType = sourcecode.c.objc; path = CNMutableContactHandler.m; sourceTree = "<group>"; };
		2477829F215434430058074F /* BugfenderSDK.framework */ = {isa = PBXFileReference; explicitFileType = wrapper.framework; path = BugfenderSDK.framework; sourceTree = BUILT_PRODUCTS_DIR; };
		247782A12154344F0058074F /* FileBrowser.framework */ = {isa = PBXFileReference; explicitFileType = wrapper.framework; path = FileBrowser.framework; sourceTree = BUILT_PRODUCTS_DIR; };
		247782A32154344F0058074F /* PKHUD.framework */ = {isa = PBXFileReference; explicitFileType = wrapper.framework; path = PKHUD.framework; sourceTree = BUILT_PRODUCTS_DIR; };
		247782A52154344F0058074F /* PopupDialog.framework */ = {isa = PBXFileReference; explicitFileType = wrapper.framework; path = PopupDialog.framework; sourceTree = BUILT_PRODUCTS_DIR; };
		247782A72154344F0058074F /* SideMenu.framework */ = {isa = PBXFileReference; explicitFileType = wrapper.framework; path = SideMenu.framework; sourceTree = BUILT_PRODUCTS_DIR; };
		247782A92154344F0058074F /* XLActionController.framework */ = {isa = PBXFileReference; explicitFileType = wrapper.framework; path = XLActionController.framework; sourceTree = BUILT_PRODUCTS_DIR; };
		247782AB215434CA0058074F /* DynamicBlurView.framework */ = {isa = PBXFileReference; explicitFileType = wrapper.framework; path = DynamicBlurView.framework; sourceTree = BUILT_PRODUCTS_DIR; };
		247AFDF321511344007191E1 /* AppSetupManager.swift */ = {isa = PBXFileReference; lastKnownFileType = sourcecode.swift; path = AppSetupManager.swift; sourceTree = "<group>"; };
		247AFDF5215122EC007191E1 /* FirstRun.storyboard */ = {isa = PBXFileReference; lastKnownFileType = file.storyboard; path = FirstRun.storyboard; sourceTree = "<group>"; };
		247AFDF7215124D7007191E1 /* FirstRunPageViewController.swift */ = {isa = PBXFileReference; lastKnownFileType = sourcecode.swift; path = FirstRunPageViewController.swift; sourceTree = "<group>"; };
		247AFDF921515846007191E1 /* AppearanceManager.swift */ = {isa = PBXFileReference; lastKnownFileType = sourcecode.swift; path = AppearanceManager.swift; sourceTree = "<group>"; };
		2491B38C214E49B6001B36DE /* SideMenuTableViewController.swift */ = {isa = PBXFileReference; lastKnownFileType = sourcecode.swift; path = SideMenuTableViewController.swift; sourceTree = "<group>"; };
		2491B38E214EE1FA001B36DE /* StoreKit.framework */ = {isa = PBXFileReference; lastKnownFileType = wrapper.framework; name = StoreKit.framework; path = System/Library/Frameworks/StoreKit.framework; sourceTree = SDKROOT; };
		2491B390214F8FB1001B36DE /* RingtonePlayer.swift */ = {isa = PBXFileReference; lastKnownFileType = sourcecode.swift; path = RingtonePlayer.swift; sourceTree = "<group>"; };
		2491B392214FA681001B36DE /* RingtoneManager.swift */ = {isa = PBXFileReference; lastKnownFileType = sourcecode.swift; name = RingtoneManager.swift; path = /Users/jesper/Documents/Projects/Tweaks/ToneManager/ToneManager/RingtoneManager.swift; sourceTree = "<absolute>"; };
		2491B396214FA8D1001B36DE /* LSApplicationWorkspaceHandler.h */ = {isa = PBXFileReference; lastKnownFileType = sourcecode.c.h; path = LSApplicationWorkspaceHandler.h; sourceTree = "<group>"; };
		2491B397214FA8D1001B36DE /* LSApplicationWorkspaceHandler.m */ = {isa = PBXFileReference; lastKnownFileType = sourcecode.c.objc; path = LSApplicationWorkspaceHandler.m; sourceTree = "<group>"; };
		2496949A214409E2009960D7 /* RingtoneDetailViewController.swift */ = {isa = PBXFileReference; lastKnownFileType = sourcecode.swift; path = RingtoneDetailViewController.swift; sourceTree = "<group>"; };
		2496949E2144EBB9009960D7 /* Main.storyboard */ = {isa = PBXFileReference; lastKnownFileType = file.storyboard; name = Main.storyboard; path = /Users/jesper/Documents/Projects/Tweaks/ToneManager/ToneManager/Main.storyboard; sourceTree = "<absolute>"; };
		249694A421450AC6009960D7 /* entitlements.xml */ = {isa = PBXFileReference; fileEncoding = 4; lastKnownFileType = text.xml; path = entitlements.xml; sourceTree = "<group>"; };
		249694A621454F96009960D7 /* RingtoneScanner.swift */ = {isa = PBXFileReference; lastKnownFileType = sourcecode.swift; path = RingtoneScanner.swift; sourceTree = "<group>"; };
		249694A821456804009960D7 /* SynchronizedArray.swift */ = {isa = PBXFileReference; lastKnownFileType = sourcecode.swift; path = SynchronizedArray.swift; sourceTree = "<group>"; };
		249694AD214799F0009960D7 /* AppListViewController.swift */ = {isa = PBXFileReference; lastKnownFileType = sourcecode.swift; path = AppListViewController.swift; sourceTree = "<group>"; };
		249694AF2147ECEF009960D7 /* SettingsRingtoneAppsViewController.swift */ = {isa = PBXFileReference; lastKnownFileType = sourcecode.swift; path = SettingsRingtoneAppsViewController.swift; sourceTree = "<group>"; };
		2497A637214251D200597B5C /* ToneManager.app */ = {isa = PBXFileReference; explicitFileType = wrapper.application; includeInIndex = 0; path = ToneManager.app; sourceTree = BUILT_PRODUCTS_DIR; };
		2497A63A214251D200597B5C /* AppDelegate.swift */ = {isa = PBXFileReference; lastKnownFileType = sourcecode.swift; path = AppDelegate.swift; sourceTree = "<group>"; };
		2497A63F214251D300597B5C /* Base */ = {isa = PBXFileReference; lastKnownFileType = file.storyboard; name = Base; path = Base.lproj/LaunchScreen.storyboard; sourceTree = "<group>"; };
		2497A641214251D300597B5C /* Info.plist */ = {isa = PBXFileReference; lastKnownFileType = text.plist.xml; path = Info.plist; sourceTree = "<group>"; };
		2497A646214251D300597B5C /* ToneManagerTests.xctest */ = {isa = PBXFileReference; explicitFileType = wrapper.cfbundle; includeInIndex = 0; path = ToneManagerTests.xctest; sourceTree = BUILT_PRODUCTS_DIR; };
		2497A64A214251D300597B5C /* ToneManagerTests.swift */ = {isa = PBXFileReference; lastKnownFileType = sourcecode.swift; path = ToneManagerTests.swift; sourceTree = "<group>"; };
		2497A64C214251D300597B5C /* Info.plist */ = {isa = PBXFileReference; lastKnownFileType = text.plist.xml; path = Info.plist; sourceTree = "<group>"; };
		2497A651214251D300597B5C /* ToneManagerUITests.xctest */ = {isa = PBXFileReference; explicitFileType = wrapper.cfbundle; includeInIndex = 0; path = ToneManagerUITests.xctest; sourceTree = BUILT_PRODUCTS_DIR; };
		2497A655214251D400597B5C /* ToneManagerUITests.swift */ = {isa = PBXFileReference; lastKnownFileType = sourcecode.swift; path = ToneManagerUITests.swift; sourceTree = "<group>"; };
		2497A657214251D400597B5C /* Info.plist */ = {isa = PBXFileReference; lastKnownFileType = text.plist.xml; path = Info.plist; sourceTree = "<group>"; };
		2497A6652142533600597B5C /* RingtoneTableViewController.swift */ = {isa = PBXFileReference; lastKnownFileType = sourcecode.swift; path = RingtoneTableViewController.swift; sourceTree = "<group>"; };
		2497A6672142537B00597B5C /* Ringtone.swift */ = {isa = PBXFileReference; lastKnownFileType = sourcecode.swift; path = Ringtone.swift; sourceTree = "<group>"; };
		2497A6692142538500597B5C /* RingtoneStore.swift */ = {isa = PBXFileReference; lastKnownFileType = sourcecode.swift; path = RingtoneStore.swift; sourceTree = "<group>"; };
		2497F65A21557F1300324FF1 /* libapplist.dylib */ = {isa = PBXFileReference; lastKnownFileType = "compiled.mach-o.dylib"; path = libapplist.dylib; sourceTree = "<group>"; };
		2497F65D2155816600324FF1 /* AppListCellDelegate.swift */ = {isa = PBXFileReference; lastKnownFileType = sourcecode.swift; path = AppListCellDelegate.swift; sourceTree = "<group>"; };
		2497F65F2155907A00324FF1 /* AdvancedSettingsViewController.swift */ = {isa = PBXFileReference; lastKnownFileType = sourcecode.swift; path = AdvancedSettingsViewController.swift; sourceTree = "<group>"; };
		24982BD1214CE12B00DD0474 /* ColorPalette.swift */ = {isa = PBXFileReference; lastKnownFileType = sourcecode.swift; path = ColorPalette.swift; sourceTree = "<group>"; };
		24982BD3214CE16700DD0474 /* Preferences.swift */ = {isa = PBXFileReference; lastKnownFileType = sourcecode.swift; path = Preferences.swift; sourceTree = "<group>"; };
		24AB658F215A38C900A91C7A /* URL+Size.swift */ = {isa = PBXFileReference; lastKnownFileType = sourcecode.swift; path = "URL+Size.swift"; sourceTree = "<group>"; };
		24AB6591215A4A3700A91C7A /* String+AppendRandom.swift */ = {isa = PBXFileReference; lastKnownFileType = sourcecode.swift; path = "String+AppendRandom.swift"; sourceTree = "<group>"; };
		24B5E29B21568A7700A8A70A /* assets.xcassets */ = {isa = PBXFileReference; lastKnownFileType = folder.assetcatalog; path = assets.xcassets; sourceTree = "<group>"; };
		24B5E29D2156ADAE00A8A70A /* HelpTableViewController.swift */ = {isa = PBXFileReference; lastKnownFileType = sourcecode.swift; path = HelpTableViewController.swift; sourceTree = "<group>"; };
		24B5E29F2156ADB700A8A70A /* HelpTableViewCell.swift */ = {isa = PBXFileReference; lastKnownFileType = sourcecode.swift; path = HelpTableViewCell.swift; sourceTree = "<group>"; };
		24C529F921597E9700770587 /* Localizable.swift */ = {isa = PBXFileReference; lastKnownFileType = sourcecode.swift; path = Localizable.swift; sourceTree = "<group>"; };
		24DFBB4F215A27D9009B4C30 /* ToneLibraryProxy.swift */ = {isa = PBXFileReference; lastKnownFileType = sourcecode.swift; path = ToneLibraryProxy.swift; sourceTree = "<group>"; };
		24DFBB51215A285B009B4C30 /* GlobalConstants.swift */ = {isa = PBXFileReference; lastKnownFileType = sourcecode.swift; path = GlobalConstants.swift; sourceTree = "<group>"; };
		24EE206A214276CF0045D678 /* SettingsViewController.swift */ = {isa = PBXFileReference; lastKnownFileType = sourcecode.swift; path = SettingsViewController.swift; sourceTree = "<group>"; };
		24EE2074214295480045D678 /* RingtoneTableCell.swift */ = {isa = PBXFileReference; lastKnownFileType = sourcecode.swift; path = RingtoneTableCell.swift; sourceTree = "<group>"; };
		24EE207E2142C7E60045D678 /* ToneManager-Bridging-Header.h */ = {isa = PBXFileReference; lastKnownFileType = sourcecode.c.h; path = "ToneManager-Bridging-Header.h"; sourceTree = "<group>"; };
		24EE20822142C9590045D678 /* TLToneManagerHandler.m */ = {isa = PBXFileReference; fileEncoding = 4; lastKnownFileType = sourcecode.c.objc; path = TLToneManagerHandler.m; sourceTree = "<group>"; };
		24EE20832142C9590045D678 /* TLToneManagerHandler.h */ = {isa = PBXFileReference; fileEncoding = 4; lastKnownFileType = sourcecode.c.h; path = TLToneManagerHandler.h; sourceTree = "<group>"; };
		24EE20852142D9A30045D678 /* FBApplicationInfoHandler.h */ = {isa = PBXFileReference; lastKnownFileType = sourcecode.c.h; path = FBApplicationInfoHandler.h; sourceTree = "<group>"; };
		24EE20862142D9A30045D678 /* FBApplicationInfoHandler.m */ = {isa = PBXFileReference; lastKnownFileType = sourcecode.c.objc; path = FBApplicationInfoHandler.m; sourceTree = "<group>"; };
		24EE20892142EB050045D678 /* MobileCoreServices.framework */ = {isa = PBXFileReference; lastKnownFileType = wrapper.framework; name = MobileCoreServices.framework; path = System/Library/Frameworks/MobileCoreServices.framework; sourceTree = SDKROOT; };
		24EE208B214311630045D678 /* iOSHeaders.h */ = {isa = PBXFileReference; lastKnownFileType = sourcecode.c.h; path = iOSHeaders.h; sourceTree = "<group>"; };
		24F7ECE3214FD78900A46E72 /* String+Version.swift */ = {isa = PBXFileReference; lastKnownFileType = sourcecode.swift; path = "String+Version.swift"; sourceTree = "<group>"; };
		24F7ECE5214FD7C200A46E72 /* String+CondenseWhitespace.swift */ = {isa = PBXFileReference; lastKnownFileType = sourcecode.swift; path = "String+CondenseWhitespace.swift"; sourceTree = "<group>"; };
		24F7ECE7214FD7F600A46E72 /* URL+RingtoneName.swift */ = {isa = PBXFileReference; lastKnownFileType = sourcecode.swift; path = "URL+RingtoneName.swift"; sourceTree = "<group>"; };
		24F7ECE9214FD84C00A46E72 /* Notification+Name.swift */ = {isa = PBXFileReference; lastKnownFileType = sourcecode.swift; path = "Notification+Name.swift"; sourceTree = "<group>"; };
		24F7ECEB214FF17600A46E72 /* UIApplication+TopViewController.swift */ = {isa = PBXFileReference; lastKnownFileType = sourcecode.swift; path = "UIApplication+TopViewController.swift"; sourceTree = "<group>"; };
		24F7ECED215023D900A46E72 /* RingtoneFileImporter.swift */ = {isa = PBXFileReference; lastKnownFileType = sourcecode.swift; path = RingtoneFileImporter.swift; sourceTree = "<group>"; };
		28C8EA633FF5601A839E9E13 /* Pods-ToneManagerUITests.release.xcconfig */ = {isa = PBXFileReference; includeInIndex = 1; lastKnownFileType = text.xcconfig; name = "Pods-ToneManagerUITests.release.xcconfig"; path = "Pods/Target Support Files/Pods-ToneManagerUITests/Pods-ToneManagerUITests.release.xcconfig"; sourceTree = "<group>"; };
		2C0BE91D61C88AF3F956DEAC /* Pods-ToneManager.debug.xcconfig */ = {isa = PBXFileReference; includeInIndex = 1; lastKnownFileType = text.xcconfig; name = "Pods-ToneManager.debug.xcconfig"; path = "Pods/Target Support Files/Pods-ToneManager/Pods-ToneManager.debug.xcconfig"; sourceTree = "<group>"; };
		3AB2F0288DA14F8204028D09 /* Pods_ToneManager.framework */ = {isa = PBXFileReference; explicitFileType = wrapper.framework; includeInIndex = 0; path = Pods_ToneManager.framework; sourceTree = BUILT_PRODUCTS_DIR; };
		787B7BD1ECCE5249CE75158F /* Pods_ToneManagerUITests.framework */ = {isa = PBXFileReference; explicitFileType = wrapper.framework; includeInIndex = 0; path = Pods_ToneManagerUITests.framework; sourceTree = BUILT_PRODUCTS_DIR; };
		7B6239BE23ADD75B5B2F0250 /* Pods-ToneManagerUITests.debug.xcconfig */ = {isa = PBXFileReference; includeInIndex = 1; lastKnownFileType = text.xcconfig; name = "Pods-ToneManagerUITests.debug.xcconfig"; path = "Pods/Target Support Files/Pods-ToneManagerUITests/Pods-ToneManagerUITests.debug.xcconfig"; sourceTree = "<group>"; };
		A1CE92B8D71786E10DE64544 /* Pods-ToneManagerTests.release.xcconfig */ = {isa = PBXFileReference; includeInIndex = 1; lastKnownFileType = text.xcconfig; name = "Pods-ToneManagerTests.release.xcconfig"; path = "Pods/Target Support Files/Pods-ToneManagerTests/Pods-ToneManagerTests.release.xcconfig"; sourceTree = "<group>"; };
		B3FB56436B5FE7D0AF8E042F /* Pods_ToneManagerUITests.framework */ = {isa = PBXFileReference; explicitFileType = wrapper.framework; includeInIndex = 0; path = Pods_ToneManagerUITests.framework; sourceTree = BUILT_PRODUCTS_DIR; };
		B56DFC59107A5F6111AB3E4A /* Pods_ToneManagerTests.framework */ = {isa = PBXFileReference; explicitFileType = wrapper.framework; includeInIndex = 0; path = Pods_ToneManagerTests.framework; sourceTree = BUILT_PRODUCTS_DIR; };
		BA61086B2010E40B6D1AE4CA /* Pods-ToneManagerTests.debug.xcconfig */ = {isa = PBXFileReference; includeInIndex = 1; lastKnownFileType = text.xcconfig; name = "Pods-ToneManagerTests.debug.xcconfig"; path = "Pods/Target Support Files/Pods-ToneManagerTests/Pods-ToneManagerTests.debug.xcconfig"; sourceTree = "<group>"; };
		CD3373338519FD00CA4E77F3 /* Pods-ToneManager.release.xcconfig */ = {isa = PBXFileReference; includeInIndex = 1; lastKnownFileType = text.xcconfig; name = "Pods-ToneManager.release.xcconfig"; path = "Pods/Target Support Files/Pods-ToneManager/Pods-ToneManager.release.xcconfig"; sourceTree = "<group>"; };
		E87726A0BFD0B4E267CD5179 /* Pods_ToneManager.framework */ = {isa = PBXFileReference; explicitFileType = wrapper.framework; includeInIndex = 0; path = Pods_ToneManager.framework; sourceTree = BUILT_PRODUCTS_DIR; };
/* End PBXFileReference section */

/* Begin PBXFrameworksBuildPhase section */
		2497A634214251D200597B5C /* Frameworks */ = {
			isa = PBXFrameworksBuildPhase;
			buildActionMask = 2147483647;
			files = (
				245C72942157C0A300D07410 /* MessageUI.framework in Frameworks */,
				2497F65B21557F1300324FF1 /* libapplist.dylib in Frameworks */,
				2477829821542E590058074F /* ContactsUI.framework in Frameworks */,
				2491B38F214EE1FA001B36DE /* StoreKit.framework in Frameworks */,
				24496B25214AAF860031E422 /* AVFoundation.framework in Frameworks */,
				24EE208A2142EB050045D678 /* MobileCoreServices.framework in Frameworks */,
				1B7547485A56829ADA0E8A7C /* Pods_ToneManager.framework in Frameworks */,
				2544D0FECB1B4F822D4DEB46 /* Pods_ToneManager.framework in Frameworks */,
			);
			runOnlyForDeploymentPostprocessing = 0;
		};
		2497A643214251D300597B5C /* Frameworks */ = {
			isa = PBXFrameworksBuildPhase;
			buildActionMask = 2147483647;
			files = (
				3A0E0435786C44BF60985FC7 /* Pods_ToneManagerTests.framework in Frameworks */,
				30F4C62E8F6AF1DA3B7B1D40 /* Pods_ToneManagerTests.framework in Frameworks */,
			);
			runOnlyForDeploymentPostprocessing = 0;
		};
		2497A64E214251D300597B5C /* Frameworks */ = {
			isa = PBXFrameworksBuildPhase;
			buildActionMask = 2147483647;
			files = (
				BE4E087C5B988C85CBA2F99B /* Pods_ToneManagerUITests.framework in Frameworks */,
				F7EECDE01BA83D5715DAFA5D /* Pods_ToneManagerUITests.framework in Frameworks */,
			);
			runOnlyForDeploymentPostprocessing = 0;
		};
/* End PBXFrameworksBuildPhase section */

/* Begin PBXGroup section */
		244B0C45215A630800E0C69E /* Cells */ = {
			isa = PBXGroup;
			children = (
				2477828721525CF50058074F /* ActionSheetCell.swift */,
				24EE2074214295480045D678 /* RingtoneTableCell.swift */,
				24B5E29F2156ADB700A8A70A /* HelpTableViewCell.swift */,
				244DD1572155782000C995E7 /* AppListCell.swift */,
			);
			path = Cells;
			sourceTree = "<group>";
		};
		244B0C46215A632500E0C69E /* UI */ = {
			isa = PBXGroup;
			children = (
				2477828121524D720058074F /* RingtoneCellButton.swift */,
				2477828321525CE00058074F /* ActionSheetController.swift */,
			);
			path = UI;
			sourceTree = "<group>";
		};
		244B0C47215A63C500E0C69E /* Protocols */ = {
			isa = PBXGroup;
			children = (
				2497F65D2155816600324FF1 /* AppListCellDelegate.swift */,
				244B0C43215A5AAF00E0C69E /* RingtoneInstallerDelegate.swift */,
			);
			path = Protocols;
			sourceTree = "<group>";
		};
		245C729B21591A6100D07410 /* Extensions */ = {
			isa = PBXGroup;
			children = (
				245C728D21576BCF00D07410 /* UIImageView+Rotate.swift */,
				24AB6591215A4A3700A91C7A /* String+AppendRandom.swift */,
				24F7ECE3214FD78900A46E72 /* String+Version.swift */,
				24F7ECE5214FD7C200A46E72 /* String+CondenseWhitespace.swift */,
				24F7ECE7214FD7F600A46E72 /* URL+RingtoneName.swift */,
				245C729921591A1000D07410 /* URL+AudioDuration.swift */,
				24AB658F215A38C900A91C7A /* URL+Size.swift */,
				24F7ECEB214FF17600A46E72 /* UIApplication+TopViewController.swift */,
				24F7ECE9214FD84C00A46E72 /* Notification+Name.swift */,
			);
			path = Extensions;
			sourceTree = "<group>";
		};
		245C729C21591A8900D07410 /* PrivateAPIHelpers */ = {
			isa = PBXGroup;
			children = (
				24EE208B214311630045D678 /* iOSHeaders.h */,
				24EE20832142C9590045D678 /* TLToneManagerHandler.h */,
				24EE20822142C9590045D678 /* TLToneManagerHandler.m */,
				24EE20852142D9A30045D678 /* FBApplicationInfoHandler.h */,
				24EE20862142D9A30045D678 /* FBApplicationInfoHandler.m */,
				2491B396214FA8D1001B36DE /* LSApplicationWorkspaceHandler.h */,
				2491B397214FA8D1001B36DE /* LSApplicationWorkspaceHandler.m */,
				2477829C215432490058074F /* CNMutableContactHandler.h */,
				2477829D215432490058074F /* CNMutableContactHandler.m */,
				245C72A02159212200D07410 /* Task.h */,
			);
			path = PrivateAPIHelpers;
			sourceTree = "<group>";
		};
		245C729E21591B9800D07410 /* Models */ = {
			isa = PBXGroup;
			children = (
				2477828921525D840058074F /* ActionData.swift */,
				245C728F21578A6A00D07410 /* HelpItem.swift */,
				245C729121578BD800D07410 /* HelpData.swift */,
			);
			path = Models;
			sourceTree = "<group>";
		};
		245C729F21591BBA00D07410 /* Utilities */ = {
			isa = PBXGroup;
			children = (
				244DD1532154F3D200C995E7 /* ActionSheetGenerator.swift */,
				245C72972158E4A900D07410 /* PopupGenerator.swift */,
				249694A821456804009960D7 /* SynchronizedArray.swift */,
				247AFDF321511344007191E1 /* AppSetupManager.swift */,
				247AFDF921515846007191E1 /* AppearanceManager.swift */,
				24982BD1214CE12B00DD0474 /* ColorPalette.swift */,
				2477828B215298980058074F /* Error.swift */,
				24C529F921597E9700770587 /* Localizable.swift */,
				24DFBB51215A285B009B4C30 /* GlobalConstants.swift */,
				24982BD3214CE16700DD0474 /* Preferences.swift */,
			);
			path = Utilities;
			sourceTree = "<group>";
		};
		249694AA21478E79009960D7 /* Frameworks */ = {
			isa = PBXGroup;
			children = (
				245C72932157C0A300D07410 /* MessageUI.framework */,
				2497F65A21557F1300324FF1 /* libapplist.dylib */,
				247782AB215434CA0058074F /* DynamicBlurView.framework */,
				247782A12154344F0058074F /* FileBrowser.framework */,
				247782A32154344F0058074F /* PKHUD.framework */,
				247782A52154344F0058074F /* PopupDialog.framework */,
				247782A72154344F0058074F /* SideMenu.framework */,
				247782A92154344F0058074F /* XLActionController.framework */,
				2477829F215434430058074F /* BugfenderSDK.framework */,
				2477829721542E590058074F /* ContactsUI.framework */,
				2491B38E214EE1FA001B36DE /* StoreKit.framework */,
				24496B24214AAF860031E422 /* AVFoundation.framework */,
				3AB2F0288DA14F8204028D09 /* Pods_ToneManager.framework */,
				B56DFC59107A5F6111AB3E4A /* Pods_ToneManagerTests.framework */,
				B3FB56436B5FE7D0AF8E042F /* Pods_ToneManagerUITests.framework */,
			);
			name = Frameworks;
			path = ToneManager/Frameworks;
			sourceTree = "<group>";
		};
		2497A62E214251D200597B5C = {
			isa = PBXGroup;
			children = (
				2497A639214251D200597B5C /* ToneManager */,
				2497A649214251D300597B5C /* ToneManagerTests */,
				2497A654214251D300597B5C /* ToneManagerUITests */,
				249694AA21478E79009960D7 /* Frameworks */,
				2497A638214251D200597B5C /* Products */,
				24EE20882142EB040045D678 /* Frameworks */,
				4CF3AF4B44E406C6C6587F3D /* Pods */,
			);
			sourceTree = "<group>";
		};
		2497A638214251D200597B5C /* Products */ = {
			isa = PBXGroup;
			children = (
				2497A637214251D200597B5C /* ToneManager.app */,
				2497A646214251D300597B5C /* ToneManagerTests.xctest */,
				2497A651214251D300597B5C /* ToneManagerUITests.xctest */,
			);
			name = Products;
			sourceTree = "<group>";
		};
		2497A639214251D200597B5C /* ToneManager */ = {
			isa = PBXGroup;
			children = (
				244B0C47215A63C500E0C69E /* Protocols */,
				244B0C46215A632500E0C69E /* UI */,
				24AB6595215A4F9F00A91C7A /* Storyboards */,
				24AB6594215A4F4600A91C7A /* ViewControllers */,
				244B0C45215A630800E0C69E /* Cells */,
				245C729E21591B9800D07410 /* Models */,
				24AB6593215A4EFE00A91C7A /* Ringtone */,
				245C729F21591BBA00D07410 /* Utilities */,
				245C729B21591A6100D07410 /* Extensions */,
				245C729C21591A8900D07410 /* PrivateAPIHelpers */,
				24B5E29B21568A7700A8A70A /* assets.xcassets */,
				2497A63A214251D200597B5C /* AppDelegate.swift */,
				247782912153C0DB0058074F /* changelog.xml */,
				247782922153C0DB0058074F /* info.xml */,
				2497A641214251D300597B5C /* Info.plist */,
				24EE207E2142C7E60045D678 /* ToneManager-Bridging-Header.h */,
				249694A421450AC6009960D7 /* entitlements.xml */,
			);
			path = ToneManager;
			sourceTree = "<group>";
		};
		2497A649214251D300597B5C /* ToneManagerTests */ = {
			isa = PBXGroup;
			children = (
				2497A64A214251D300597B5C /* ToneManagerTests.swift */,
				2497A64C214251D300597B5C /* Info.plist */,
			);
			path = ToneManagerTests;
			sourceTree = "<group>";
		};
		2497A654214251D300597B5C /* ToneManagerUITests */ = {
			isa = PBXGroup;
			children = (
				2497A655214251D400597B5C /* ToneManagerUITests.swift */,
				2497A657214251D400597B5C /* Info.plist */,
			);
			path = ToneManagerUITests;
			sourceTree = "<group>";
		};
		24AB6593215A4EFE00A91C7A /* Ringtone */ = {
			isa = PBXGroup;
			children = (
				2497A6672142537B00597B5C /* Ringtone.swift */,
				24778295215414C40058074F /* RingtoneAssigner.swift */,
				2497A6692142538500597B5C /* RingtoneStore.swift */,
				249694A621454F96009960D7 /* RingtoneScanner.swift */,
				24F7ECED215023D900A46E72 /* RingtoneFileImporter.swift */,
				245C72952157D63B00D07410 /* RingtoneConverter.swift */,
				24496B22214991B40031E422 /* RingtoneInstaller.swift */,
				24DFBB4F215A27D9009B4C30 /* ToneLibraryProxy.swift */,
				2491B392214FA681001B36DE /* RingtoneManager.swift */,
				2491B390214F8FB1001B36DE /* RingtonePlayer.swift */,
			);
			path = Ringtone;
			sourceTree = "<group>";
		};
		24AB6594215A4F4600A91C7A /* ViewControllers */ = {
			isa = PBXGroup;
			children = (
				2491B38C214E49B6001B36DE /* SideMenuTableViewController.swift */,
				2497A6652142533600597B5C /* RingtoneTableViewController.swift */,
				24B5E29D2156ADAE00A8A70A /* HelpTableViewController.swift */,
				2496949A214409E2009960D7 /* RingtoneDetailViewController.swift */,
				24EE206A214276CF0045D678 /* SettingsViewController.swift */,
				2497F65F2155907A00324FF1 /* AdvancedSettingsViewController.swift */,
				249694AF2147ECEF009960D7 /* SettingsRingtoneAppsViewController.swift */,
				249694AD214799F0009960D7 /* AppListViewController.swift */,
				247AFDF7215124D7007191E1 /* FirstRunPageViewController.swift */,
			);
			path = ViewControllers;
			sourceTree = "<group>";
		};
		24AB6595215A4F9F00A91C7A /* Storyboards */ = {
			isa = PBXGroup;
			children = (
				2477828421525CE00058074F /* ActionSheetCell.xib */,
				247AFDF5215122EC007191E1 /* FirstRun.storyboard */,
				2496949E2144EBB9009960D7 /* Main.storyboard */,
				2497A63E214251D300597B5C /* LaunchScreen.storyboard */,
			);
			path = Storyboards;
			sourceTree = "<group>";
		};
		24EE20882142EB040045D678 /* Frameworks */ = {
			isa = PBXGroup;
			children = (
				24EE20892142EB050045D678 /* MobileCoreServices.framework */,
				E87726A0BFD0B4E267CD5179 /* Pods_ToneManager.framework */,
				17550D99DF4A1C51678E878B /* Pods_ToneManagerTests.framework */,
				787B7BD1ECCE5249CE75158F /* Pods_ToneManagerUITests.framework */,
			);
			name = Frameworks;
			sourceTree = "<group>";
		};
		4CF3AF4B44E406C6C6587F3D /* Pods */ = {
			isa = PBXGroup;
			children = (
				2C0BE91D61C88AF3F956DEAC /* Pods-ToneManager.debug.xcconfig */,
				CD3373338519FD00CA4E77F3 /* Pods-ToneManager.release.xcconfig */,
				BA61086B2010E40B6D1AE4CA /* Pods-ToneManagerTests.debug.xcconfig */,
				A1CE92B8D71786E10DE64544 /* Pods-ToneManagerTests.release.xcconfig */,
				7B6239BE23ADD75B5B2F0250 /* Pods-ToneManagerUITests.debug.xcconfig */,
				28C8EA633FF5601A839E9E13 /* Pods-ToneManagerUITests.release.xcconfig */,
			);
			name = Pods;
			sourceTree = "<group>";
		};
/* End PBXGroup section */

/* Begin PBXNativeTarget section */
		2497A636214251D200597B5C /* ToneManager */ = {
			isa = PBXNativeTarget;
			buildConfigurationList = 2497A65A214251D400597B5C /* Build configuration list for PBXNativeTarget "ToneManager" */;
			buildPhases = (
				270D784557AF8187DA688C84 /* [CP] Check Pods Manifest.lock */,
				2497A633214251D200597B5C /* Sources */,
				2497A634214251D200597B5C /* Frameworks */,
				2497A635214251D200597B5C /* Resources */,
				6152E5909BFF4496799113E7 /* [CP] Embed Pods Frameworks */,
				249694A321450A59009960D7 /* Set build number and install to device */,
			);
			buildRules = (
			);
			dependencies = (
			);
			name = ToneManager;
			productName = ToneManager;
			productReference = 2497A637214251D200597B5C /* ToneManager.app */;
			productType = "com.apple.product-type.application";
		};
		2497A645214251D300597B5C /* ToneManagerTests */ = {
			isa = PBXNativeTarget;
			buildConfigurationList = 2497A65D214251D400597B5C /* Build configuration list for PBXNativeTarget "ToneManagerTests" */;
			buildPhases = (
				AA5AC3619BC7710A7C410158 /* [CP] Check Pods Manifest.lock */,
				2497A642214251D300597B5C /* Sources */,
				2497A643214251D300597B5C /* Frameworks */,
				2497A644214251D300597B5C /* Resources */,
			);
			buildRules = (
			);
			dependencies = (
				2497A648214251D300597B5C /* PBXTargetDependency */,
			);
			name = ToneManagerTests;
			productName = ToneManagerTests;
			productReference = 2497A646214251D300597B5C /* ToneManagerTests.xctest */;
			productType = "com.apple.product-type.bundle.unit-test";
		};
		2497A650214251D300597B5C /* ToneManagerUITests */ = {
			isa = PBXNativeTarget;
			buildConfigurationList = 2497A660214251D400597B5C /* Build configuration list for PBXNativeTarget "ToneManagerUITests" */;
			buildPhases = (
				169D7EA876C3DF58F0EDABA7 /* [CP] Check Pods Manifest.lock */,
				2497A64D214251D300597B5C /* Sources */,
				2497A64E214251D300597B5C /* Frameworks */,
				2497A64F214251D300597B5C /* Resources */,
			);
			buildRules = (
			);
			dependencies = (
				2497A653214251D300597B5C /* PBXTargetDependency */,
			);
			name = ToneManagerUITests;
			productName = ToneManagerUITests;
			productReference = 2497A651214251D300597B5C /* ToneManagerUITests.xctest */;
			productType = "com.apple.product-type.bundle.ui-testing";
		};
/* End PBXNativeTarget section */

/* Begin PBXProject section */
		2497A62F214251D200597B5C /* Project object */ = {
			isa = PBXProject;
			attributes = {
				LastSwiftUpdateCheck = 0940;
				LastUpgradeCheck = 1000;
				ORGANIZATIONNAME = "Jesper Flodin";
				TargetAttributes = {
					2497A636214251D200597B5C = {
						CreatedOnToolsVersion = 9.4.1;
						LastSwiftMigration = 0940;
						SystemCapabilities = {
							com.apple.BackgroundModes = {
								enabled = 0;
							};
						};
					};
					2497A645214251D300597B5C = {
						CreatedOnToolsVersion = 9.4.1;
						TestTargetID = 2497A636214251D200597B5C;
					};
					2497A650214251D300597B5C = {
						CreatedOnToolsVersion = 9.4.1;
						TestTargetID = 2497A636214251D200597B5C;
					};
				};
			};
			buildConfigurationList = 2497A632214251D200597B5C /* Build configuration list for PBXProject "ToneManager" */;
			compatibilityVersion = "Xcode 9.3";
			developmentRegion = en;
			hasScannedForEncodings = 0;
			knownRegions = (
				en,
				Base,
			);
			mainGroup = 2497A62E214251D200597B5C;
			productRefGroup = 2497A638214251D200597B5C /* Products */;
			projectDirPath = "";
			projectRoot = "";
			targets = (
				2497A636214251D200597B5C /* ToneManager */,
				2497A645214251D300597B5C /* ToneManagerTests */,
				2497A650214251D300597B5C /* ToneManagerUITests */,
			);
		};
/* End PBXProject section */

/* Begin PBXResourcesBuildPhase section */
		2497A635214251D200597B5C /* Resources */ = {
			isa = PBXResourcesBuildPhase;
			buildActionMask = 2147483647;
			files = (
				249694A22144F0A7009960D7 /* Main.storyboard in Resources */,
				24B5E29C21568A7700A8A70A /* assets.xcassets in Resources */,
				2477828621525CE10058074F /* ActionSheetCell.xib in Resources */,
				249694A521450AC6009960D7 /* entitlements.xml in Resources */,
				247AFDF6215122EC007191E1 /* FirstRun.storyboard in Resources */,
				2497A640214251D300597B5C /* LaunchScreen.storyboard in Resources */,
			);
			runOnlyForDeploymentPostprocessing = 0;
		};
		2497A644214251D300597B5C /* Resources */ = {
			isa = PBXResourcesBuildPhase;
			buildActionMask = 2147483647;
			files = (
			);
			runOnlyForDeploymentPostprocessing = 0;
		};
		2497A64F214251D300597B5C /* Resources */ = {
			isa = PBXResourcesBuildPhase;
			buildActionMask = 2147483647;
			files = (
			);
			runOnlyForDeploymentPostprocessing = 0;
		};
/* End PBXResourcesBuildPhase section */

/* Begin PBXShellScriptBuildPhase section */
		169D7EA876C3DF58F0EDABA7 /* [CP] Check Pods Manifest.lock */ = {
			isa = PBXShellScriptBuildPhase;
			buildActionMask = 2147483647;
			files = (
			);
			inputPaths = (
				"${PODS_PODFILE_DIR_PATH}/Podfile.lock",
				"${PODS_ROOT}/Manifest.lock",
			);
			name = "[CP] Check Pods Manifest.lock";
			outputPaths = (
				"$(DERIVED_FILE_DIR)/Pods-ToneManagerUITests-checkManifestLockResult.txt",
			);
			runOnlyForDeploymentPostprocessing = 0;
			shellPath = /bin/sh;
			shellScript = "diff \"${PODS_PODFILE_DIR_PATH}/Podfile.lock\" \"${PODS_ROOT}/Manifest.lock\" > /dev/null\nif [ $? != 0 ] ; then\n    # print error to STDERR\n    echo \"error: The sandbox is not in sync with the Podfile.lock. Run 'pod install' or update your CocoaPods installation.\" >&2\n    exit 1\nfi\n# This output is used by Xcode 'outputs' to avoid re-running this script phase.\necho \"SUCCESS\" > \"${SCRIPT_OUTPUT_FILE_0}\"\n";
			showEnvVarsInLog = 0;
		};
		249694A321450A59009960D7 /* Set build number and install to device */ = {
			isa = PBXShellScriptBuildPhase;
			buildActionMask = 2147483647;
			files = (
			);
			inputPaths = (
			);
			name = "Set build number and install to device";
			outputPaths = (
			);
			runOnlyForDeploymentPostprocessing = 0;
			shellPath = /bin/sh;
			shellScript = "#!/bin/bash\n\n$SRCROOT/Build-Phases/set-build-number.sh\n\n$SRCROOT/Build-Phases/install-to-device.sh\n\n";
		};
		270D784557AF8187DA688C84 /* [CP] Check Pods Manifest.lock */ = {
			isa = PBXShellScriptBuildPhase;
			buildActionMask = 2147483647;
			files = (
			);
			inputPaths = (
				"${PODS_PODFILE_DIR_PATH}/Podfile.lock",
				"${PODS_ROOT}/Manifest.lock",
			);
			name = "[CP] Check Pods Manifest.lock";
			outputPaths = (
				"$(DERIVED_FILE_DIR)/Pods-ToneManager-checkManifestLockResult.txt",
			);
			runOnlyForDeploymentPostprocessing = 0;
			shellPath = /bin/sh;
			shellScript = "diff \"${PODS_PODFILE_DIR_PATH}/Podfile.lock\" \"${PODS_ROOT}/Manifest.lock\" > /dev/null\nif [ $? != 0 ] ; then\n    # print error to STDERR\n    echo \"error: The sandbox is not in sync with the Podfile.lock. Run 'pod install' or update your CocoaPods installation.\" >&2\n    exit 1\nfi\n# This output is used by Xcode 'outputs' to avoid re-running this script phase.\necho \"SUCCESS\" > \"${SCRIPT_OUTPUT_FILE_0}\"\n";
			showEnvVarsInLog = 0;
		};
		6152E5909BFF4496799113E7 /* [CP] Embed Pods Frameworks */ = {
			isa = PBXShellScriptBuildPhase;
			buildActionMask = 2147483647;
			files = (
			);
			inputPaths = (
				"${SRCROOT}/Pods/Target Support Files/Pods-ToneManager/Pods-ToneManager-frameworks.sh",
				"${BUILT_PRODUCTS_DIR}/BugfenderSDK/BugfenderSDK.framework",
				"${BUILT_PRODUCTS_DIR}/DynamicBlurView/DynamicBlurView.framework",
				"${BUILT_PRODUCTS_DIR}/FileBrowser/FileBrowser.framework",
				"${BUILT_PRODUCTS_DIR}/PKHUD/PKHUD.framework",
				"${BUILT_PRODUCTS_DIR}/PopupDialog/PopupDialog.framework",
				"${BUILT_PRODUCTS_DIR}/SideMenu/SideMenu.framework",
				"${BUILT_PRODUCTS_DIR}/XLActionController/XLActionController.framework",
			);
			name = "[CP] Embed Pods Frameworks";
			outputPaths = (
				"${TARGET_BUILD_DIR}/${FRAMEWORKS_FOLDER_PATH}/BugfenderSDK.framework",
				"${TARGET_BUILD_DIR}/${FRAMEWORKS_FOLDER_PATH}/DynamicBlurView.framework",
				"${TARGET_BUILD_DIR}/${FRAMEWORKS_FOLDER_PATH}/FileBrowser.framework",
				"${TARGET_BUILD_DIR}/${FRAMEWORKS_FOLDER_PATH}/PKHUD.framework",
				"${TARGET_BUILD_DIR}/${FRAMEWORKS_FOLDER_PATH}/PopupDialog.framework",
				"${TARGET_BUILD_DIR}/${FRAMEWORKS_FOLDER_PATH}/SideMenu.framework",
				"${TARGET_BUILD_DIR}/${FRAMEWORKS_FOLDER_PATH}/XLActionController.framework",
			);
			runOnlyForDeploymentPostprocessing = 0;
			shellPath = /bin/sh;
			shellScript = "\"${SRCROOT}/Pods/Target Support Files/Pods-ToneManager/Pods-ToneManager-frameworks.sh\"\n";
			showEnvVarsInLog = 0;
		};
		AA5AC3619BC7710A7C410158 /* [CP] Check Pods Manifest.lock */ = {
			isa = PBXShellScriptBuildPhase;
			buildActionMask = 2147483647;
			files = (
			);
			inputPaths = (
				"${PODS_PODFILE_DIR_PATH}/Podfile.lock",
				"${PODS_ROOT}/Manifest.lock",
			);
			name = "[CP] Check Pods Manifest.lock";
			outputPaths = (
				"$(DERIVED_FILE_DIR)/Pods-ToneManagerTests-checkManifestLockResult.txt",
			);
			runOnlyForDeploymentPostprocessing = 0;
			shellPath = /bin/sh;
			shellScript = "diff \"${PODS_PODFILE_DIR_PATH}/Podfile.lock\" \"${PODS_ROOT}/Manifest.lock\" > /dev/null\nif [ $? != 0 ] ; then\n    # print error to STDERR\n    echo \"error: The sandbox is not in sync with the Podfile.lock. Run 'pod install' or update your CocoaPods installation.\" >&2\n    exit 1\nfi\n# This output is used by Xcode 'outputs' to avoid re-running this script phase.\necho \"SUCCESS\" > \"${SCRIPT_OUTPUT_FILE_0}\"\n";
			showEnvVarsInLog = 0;
		};
/* End PBXShellScriptBuildPhase section */

/* Begin PBXSourcesBuildPhase section */
		2497A633214251D200597B5C /* Sources */ = {
			isa = PBXSourcesBuildPhase;
			buildActionMask = 2147483647;
			files = (
				2491B391214F8FB1001B36DE /* RingtonePlayer.swift in Sources */,
				24B5E29E2156ADAE00A8A70A /* HelpTableViewController.swift in Sources */,
				249694A721454F96009960D7 /* RingtoneScanner.swift in Sources */,
				2497A6662142533600597B5C /* RingtoneTableViewController.swift in Sources */,
				24DFBB52215A285B009B4C30 /* GlobalConstants.swift in Sources */,
				24DFBB50215A27D9009B4C30 /* ToneLibraryProxy.swift in Sources */,
				245C72982158E4A900D07410 /* PopupGenerator.swift in Sources */,
				249694AE214799F0009960D7 /* AppListViewController.swift in Sources */,
				249694A921456804009960D7 /* SynchronizedArray.swift in Sources */,
				2477828221524D720058074F /* RingtoneCellButton.swift in Sources */,
				24C529FA21597E9700770587 /* Localizable.swift in Sources */,
				2497F65E2155816600324FF1 /* AppListCellDelegate.swift in Sources */,
				24F7ECEA214FD84C00A46E72 /* Notification+Name.swift in Sources */,
				245C729221578BD800D07410 /* HelpData.swift in Sources */,
				2477828821525CF50058074F /* ActionSheetCell.swift in Sources */,
				2491B38D214E49B6001B36DE /* SideMenuTableViewController.swift in Sources */,
				2477828521525CE10058074F /* ActionSheetController.swift in Sources */,
				24F7ECEE215023D900A46E72 /* RingtoneFileImporter.swift in Sources */,
				2497A66A2142538500597B5C /* RingtoneStore.swift in Sources */,
				24982BD2214CE12B00DD0474 /* ColorPalette.swift in Sources */,
				2497A63B214251D200597B5C /* AppDelegate.swift in Sources */,
				2491B398214FA8D1001B36DE /* LSApplicationWorkspaceHandler.m in Sources */,
				24F7ECE6214FD7C200A46E72 /* String+CondenseWhitespace.swift in Sources */,
				2491B393214FA681001B36DE /* RingtoneManager.swift in Sources */,
				24F7ECE4214FD78900A46E72 /* String+Version.swift in Sources */,
				2477828A21525D840058074F /* ActionData.swift in Sources */,
				247AFDFA21515846007191E1 /* AppearanceManager.swift in Sources */,
				245C729A21591A1000D07410 /* URL+AudioDuration.swift in Sources */,
				2497A6682142537B00597B5C /* Ringtone.swift in Sources */,
				247AFDF8215124D7007191E1 /* FirstRunPageViewController.swift in Sources */,
				244DD1542154F3D200C995E7 /* ActionSheetGenerator.swift in Sources */,
				24EE20872142D9A30045D678 /* FBApplicationInfoHandler.m in Sources */,
				2477828C215298980058074F /* Error.swift in Sources */,
				244DD1582155782000C995E7 /* AppListCell.swift in Sources */,
				24AB6590215A38C900A91C7A /* URL+Size.swift in Sources */,
				24496B23214991B40031E422 /* RingtoneInstaller.swift in Sources */,
				2477829E215432490058074F /* CNMutableContactHandler.m in Sources */,
				24B5E2A02156ADB700A8A70A /* HelpTableViewCell.swift in Sources */,
				24778296215414C40058074F /* RingtoneAssigner.swift in Sources */,
				245C729021578A6A00D07410 /* HelpItem.swift in Sources */,
				245C72962157D63B00D07410 /* RingtoneConverter.swift in Sources */,
				24F7ECE8214FD7F600A46E72 /* URL+RingtoneName.swift in Sources */,
				24EE206B214276CF0045D678 /* SettingsViewController.swift in Sources */,
				244B0C44215A5AAF00E0C69E /* RingtoneInstallerDelegate.swift in Sources */,
				247AFDF421511344007191E1 /* AppSetupManager.swift in Sources */,
				24EE20842142C9590045D678 /* TLToneManagerHandler.m in Sources */,
				245C728E21576BCF00D07410 /* UIImageView+Rotate.swift in Sources */,
				24F7ECEC214FF17600A46E72 /* UIApplication+TopViewController.swift in Sources */,
				2496949B214409E2009960D7 /* RingtoneDetailViewController.swift in Sources */,
				249694B02147ECEF009960D7 /* SettingsRingtoneAppsViewController.swift in Sources */,
				2497F6602155907A00324FF1 /* AdvancedSettingsViewController.swift in Sources */,
				24982BD4214CE16700DD0474 /* Preferences.swift in Sources */,
				24AB6592215A4A3700A91C7A /* String+AppendRandom.swift in Sources */,
				24EE2075214295480045D678 /* RingtoneTableCell.swift in Sources */,
			);
			runOnlyForDeploymentPostprocessing = 0;
		};
		2497A642214251D300597B5C /* Sources */ = {
			isa = PBXSourcesBuildPhase;
			buildActionMask = 2147483647;
			files = (
				2497A64B214251D300597B5C /* ToneManagerTests.swift in Sources */,
			);
			runOnlyForDeploymentPostprocessing = 0;
		};
		2497A64D214251D300597B5C /* Sources */ = {
			isa = PBXSourcesBuildPhase;
			buildActionMask = 2147483647;
			files = (
				2497A656214251D400597B5C /* ToneManagerUITests.swift in Sources */,
			);
			runOnlyForDeploymentPostprocessing = 0;
		};
/* End PBXSourcesBuildPhase section */

/* Begin PBXTargetDependency section */
		2497A648214251D300597B5C /* PBXTargetDependency */ = {
			isa = PBXTargetDependency;
			target = 2497A636214251D200597B5C /* ToneManager */;
			targetProxy = 2497A647214251D300597B5C /* PBXContainerItemProxy */;
		};
		2497A653214251D300597B5C /* PBXTargetDependency */ = {
			isa = PBXTargetDependency;
			target = 2497A636214251D200597B5C /* ToneManager */;
			targetProxy = 2497A652214251D300597B5C /* PBXContainerItemProxy */;
		};
/* End PBXTargetDependency section */

/* Begin PBXVariantGroup section */
		2497A63E214251D300597B5C /* LaunchScreen.storyboard */ = {
			isa = PBXVariantGroup;
			children = (
				2497A63F214251D300597B5C /* Base */,
			);
			name = LaunchScreen.storyboard;
			path = ..;
			sourceTree = "<group>";
		};
/* End PBXVariantGroup section */

/* Begin XCBuildConfiguration section */
		2497A658214251D400597B5C /* Debug */ = {
			isa = XCBuildConfiguration;
			buildSettings = {
				ALWAYS_SEARCH_USER_PATHS = NO;
				CLANG_ANALYZER_NONNULL = YES;
				CLANG_ANALYZER_NUMBER_OBJECT_CONVERSION = YES_AGGRESSIVE;
				CLANG_CXX_LANGUAGE_STANDARD = "gnu++14";
				CLANG_CXX_LIBRARY = "libc++";
				CLANG_ENABLE_MODULES = YES;
				CLANG_ENABLE_OBJC_ARC = YES;
				CLANG_ENABLE_OBJC_WEAK = YES;
				CLANG_WARN_BLOCK_CAPTURE_AUTORELEASING = YES;
				CLANG_WARN_BOOL_CONVERSION = YES;
				CLANG_WARN_COMMA = YES;
				CLANG_WARN_CONSTANT_CONVERSION = YES;
				CLANG_WARN_DEPRECATED_OBJC_IMPLEMENTATIONS = YES;
				CLANG_WARN_DIRECT_OBJC_ISA_USAGE = YES_ERROR;
				CLANG_WARN_DOCUMENTATION_COMMENTS = YES;
				CLANG_WARN_EMPTY_BODY = YES;
				CLANG_WARN_ENUM_CONVERSION = YES;
				CLANG_WARN_INFINITE_RECURSION = YES;
				CLANG_WARN_INT_CONVERSION = YES;
				CLANG_WARN_NON_LITERAL_NULL_CONVERSION = YES;
				CLANG_WARN_OBJC_IMPLICIT_RETAIN_SELF = YES;
				CLANG_WARN_OBJC_LITERAL_CONVERSION = YES;
				CLANG_WARN_OBJC_ROOT_CLASS = YES_ERROR;
				CLANG_WARN_RANGE_LOOP_ANALYSIS = YES;
				CLANG_WARN_STRICT_PROTOTYPES = YES;
				CLANG_WARN_SUSPICIOUS_MOVE = YES;
				CLANG_WARN_UNGUARDED_AVAILABILITY = YES_AGGRESSIVE;
				CLANG_WARN_UNREACHABLE_CODE = YES;
				CLANG_WARN__DUPLICATE_METHOD_MATCH = YES;
				CODE_SIGN_IDENTITY = "iPhone Developer";
				COPY_PHASE_STRIP = NO;
				DEBUG_INFORMATION_FORMAT = dwarf;
				ENABLE_STRICT_OBJC_MSGSEND = YES;
				ENABLE_TESTABILITY = YES;
				GCC_C_LANGUAGE_STANDARD = gnu11;
				GCC_DYNAMIC_NO_PIC = NO;
				GCC_NO_COMMON_BLOCKS = YES;
				GCC_OPTIMIZATION_LEVEL = 0;
				GCC_PREPROCESSOR_DEFINITIONS = (
					"DEBUG=1",
					"$(inherited)",
				);
				GCC_WARN_64_TO_32_BIT_CONVERSION = YES;
				GCC_WARN_ABOUT_RETURN_TYPE = YES_ERROR;
				GCC_WARN_UNDECLARED_SELECTOR = YES;
				GCC_WARN_UNINITIALIZED_AUTOS = YES_AGGRESSIVE;
				GCC_WARN_UNUSED_FUNCTION = YES;
				GCC_WARN_UNUSED_VARIABLE = YES;
				IPHONEOS_DEPLOYMENT_TARGET = 9.0;
				MTL_ENABLE_DEBUG_INFO = YES;
				ONLY_ACTIVE_ARCH = YES;
				SDKROOT = iphoneos;
				SWIFT_ACTIVE_COMPILATION_CONDITIONS = DEBUG;
				SWIFT_OPTIMIZATION_LEVEL = "-Onone";
			};
			name = Debug;
		};
		2497A659214251D400597B5C /* Release */ = {
			isa = XCBuildConfiguration;
			buildSettings = {
				ALWAYS_SEARCH_USER_PATHS = NO;
				CLANG_ANALYZER_NONNULL = YES;
				CLANG_ANALYZER_NUMBER_OBJECT_CONVERSION = YES_AGGRESSIVE;
				CLANG_CXX_LANGUAGE_STANDARD = "gnu++14";
				CLANG_CXX_LIBRARY = "libc++";
				CLANG_ENABLE_MODULES = YES;
				CLANG_ENABLE_OBJC_ARC = YES;
				CLANG_ENABLE_OBJC_WEAK = YES;
				CLANG_WARN_BLOCK_CAPTURE_AUTORELEASING = YES;
				CLANG_WARN_BOOL_CONVERSION = YES;
				CLANG_WARN_COMMA = YES;
				CLANG_WARN_CONSTANT_CONVERSION = YES;
				CLANG_WARN_DEPRECATED_OBJC_IMPLEMENTATIONS = YES;
				CLANG_WARN_DIRECT_OBJC_ISA_USAGE = YES_ERROR;
				CLANG_WARN_DOCUMENTATION_COMMENTS = YES;
				CLANG_WARN_EMPTY_BODY = YES;
				CLANG_WARN_ENUM_CONVERSION = YES;
				CLANG_WARN_INFINITE_RECURSION = YES;
				CLANG_WARN_INT_CONVERSION = YES;
				CLANG_WARN_NON_LITERAL_NULL_CONVERSION = YES;
				CLANG_WARN_OBJC_IMPLICIT_RETAIN_SELF = YES;
				CLANG_WARN_OBJC_LITERAL_CONVERSION = YES;
				CLANG_WARN_OBJC_ROOT_CLASS = YES_ERROR;
				CLANG_WARN_RANGE_LOOP_ANALYSIS = YES;
				CLANG_WARN_STRICT_PROTOTYPES = YES;
				CLANG_WARN_SUSPICIOUS_MOVE = YES;
				CLANG_WARN_UNGUARDED_AVAILABILITY = YES_AGGRESSIVE;
				CLANG_WARN_UNREACHABLE_CODE = YES;
				CLANG_WARN__DUPLICATE_METHOD_MATCH = YES;
				CODE_SIGN_IDENTITY = "iPhone Developer";
				COPY_PHASE_STRIP = NO;
				DEBUG_INFORMATION_FORMAT = "dwarf-with-dsym";
				ENABLE_NS_ASSERTIONS = NO;
				ENABLE_STRICT_OBJC_MSGSEND = YES;
				GCC_C_LANGUAGE_STANDARD = gnu11;
				GCC_NO_COMMON_BLOCKS = YES;
				GCC_WARN_64_TO_32_BIT_CONVERSION = YES;
				GCC_WARN_ABOUT_RETURN_TYPE = YES_ERROR;
				GCC_WARN_UNDECLARED_SELECTOR = YES;
				GCC_WARN_UNINITIALIZED_AUTOS = YES_AGGRESSIVE;
				GCC_WARN_UNUSED_FUNCTION = YES;
				GCC_WARN_UNUSED_VARIABLE = YES;
				IPHONEOS_DEPLOYMENT_TARGET = 9.0;
				MTL_ENABLE_DEBUG_INFO = NO;
				SDKROOT = iphoneos;
				SWIFT_COMPILATION_MODE = wholemodule;
				SWIFT_OPTIMIZATION_LEVEL = "-O";
				VALIDATE_PRODUCT = YES;
			};
			name = Release;
		};
		2497A65B214251D400597B5C /* Debug */ = {
			isa = XCBuildConfiguration;
			baseConfigurationReference = 2C0BE91D61C88AF3F956DEAC /* Pods-ToneManager.debug.xcconfig */;
			buildSettings = {
				ASSETCATALOG_COMPILER_APPICON_NAME = AppIcon;
				ASSETCATALOG_COMPILER_LAUNCHIMAGE_NAME = LaunchImage;
				CLANG_ENABLE_MODULES = YES;
				CODE_SIGN_ENTITLEMENTS = "";
				CODE_SIGN_STYLE = Automatic;
				CREATE_DEB = YES;
				CURRENT_PROJECT_VERSION = 1;
				DEVELOPMENT_TEAM = 6VG5GK3UD7;
				HEADER_SEARCH_PATHS = /Users/jesper/theos/include/;
				INFOPLIST_FILE = ToneManager/Info.plist;
				IPHONEOS_DEPLOYMENT_TARGET = 9.0;
				LD_RUNPATH_SEARCH_PATHS = (
					"$(inherited)",
					/usr/lib/libswift/4.1.2/,
					"@executable_path/Frameworks",
					"@executable_path/",
				);
				LIBRARY_SEARCH_PATHS = (
					"$(inherited)",
					"$(PROJECT_DIR)/ToneManager/Frameworks",
				);
				OPEN_APP = YES;
				PRODUCT_BUNDLE_IDENTIFIER = fi.flodin.ToneManager;
				PRODUCT_NAME = "$(TARGET_NAME)";
				RUN_UICACHE = NO;
				SDKROOT = iphoneos;
				SEPARATE_SYMBOL_EDIT = NO;
				SSH_CONNECTION_MODE = USB;
				SWIFT_OBJC_BRIDGING_HEADER = "ToneManager/ToneManager-Bridging-Header.h";
				SWIFT_OPTIMIZATION_LEVEL = "-Onone";
				SWIFT_VERSION = 4.0;
				TARGETED_DEVICE_FAMILY = "1,2";
				VALID_ARCHS = arm64;
			};
			name = Debug;
		};
		2497A65C214251D400597B5C /* Release */ = {
			isa = XCBuildConfiguration;
			baseConfigurationReference = CD3373338519FD00CA4E77F3 /* Pods-ToneManager.release.xcconfig */;
			buildSettings = {
				ASSETCATALOG_COMPILER_APPICON_NAME = AppIcon;
				ASSETCATALOG_COMPILER_LAUNCHIMAGE_NAME = LaunchImage;
				CLANG_ENABLE_MODULES = YES;
				CODE_SIGN_ENTITLEMENTS = "";
				CODE_SIGN_STYLE = Automatic;
				CREATE_DEB = YES;
				CURRENT_PROJECT_VERSION = 1;
				DEVELOPMENT_TEAM = 6VG5GK3UD7;
				HEADER_SEARCH_PATHS = /Users/jesper/theos/include/;
				INFOPLIST_FILE = ToneManager/Info.plist;
				IPHONEOS_DEPLOYMENT_TARGET = 9.0;
				LD_RUNPATH_SEARCH_PATHS = (
					"$(inherited)",
					/usr/lib/libswift/4.1.2/,
					"@executable_path/Frameworks",
					"@executable_path/",
				);
				LIBRARY_SEARCH_PATHS = (
					"$(inherited)",
					"$(PROJECT_DIR)/ToneManager/Frameworks",
				);
				OPEN_APP = YES;
				PRODUCT_BUNDLE_IDENTIFIER = fi.flodin.ToneManager;
				PRODUCT_NAME = "$(TARGET_NAME)";
				RUN_UICACHE = NO;
				SDKROOT = iphoneos;
				SEPARATE_SYMBOL_EDIT = NO;
				SSH_CONNECTION_MODE = USB;
				SWIFT_OBJC_BRIDGING_HEADER = "ToneManager/ToneManager-Bridging-Header.h";
				SWIFT_VERSION = 4.0;
				TARGETED_DEVICE_FAMILY = "1,2";
				VALID_ARCHS = arm64;
			};
			name = Release;
		};
		2497A65E214251D400597B5C /* Debug */ = {
			isa = XCBuildConfiguration;
			baseConfigurationReference = BA61086B2010E40B6D1AE4CA /* Pods-ToneManagerTests.debug.xcconfig */;
			buildSettings = {
				ALWAYS_EMBED_SWIFT_STANDARD_LIBRARIES = YES;
				BUNDLE_LOADER = "$(TEST_HOST)";
				CODE_SIGN_STYLE = Automatic;
				DEVELOPMENT_TEAM = 6VG5GK3UD7;
				INFOPLIST_FILE = ToneManagerTests/Info.plist;
				LD_RUNPATH_SEARCH_PATHS = (
					"$(inherited)",
					"@executable_path/Frameworks",
					"@loader_path/Frameworks",
				);
				PRODUCT_BUNDLE_IDENTIFIER = fi.flodin.ToneManagerTests;
				PRODUCT_NAME = "$(TARGET_NAME)";
				SWIFT_VERSION = 4.0;
				TARGETED_DEVICE_FAMILY = "1,2";
				TEST_HOST = "$(BUILT_PRODUCTS_DIR)/ToneManager.app/ToneManager";
			};
			name = Debug;
		};
		2497A65F214251D400597B5C /* Release */ = {
			isa = XCBuildConfiguration;
			baseConfigurationReference = A1CE92B8D71786E10DE64544 /* Pods-ToneManagerTests.release.xcconfig */;
			buildSettings = {
				ALWAYS_EMBED_SWIFT_STANDARD_LIBRARIES = YES;
				BUNDLE_LOADER = "$(TEST_HOST)";
				CODE_SIGN_STYLE = Automatic;
				DEVELOPMENT_TEAM = 6VG5GK3UD7;
				INFOPLIST_FILE = ToneManagerTests/Info.plist;
				LD_RUNPATH_SEARCH_PATHS = (
					"$(inherited)",
					"@executable_path/Frameworks",
					"@loader_path/Frameworks",
				);
				PRODUCT_BUNDLE_IDENTIFIER = fi.flodin.ToneManagerTests;
				PRODUCT_NAME = "$(TARGET_NAME)";
				SWIFT_VERSION = 4.0;
				TARGETED_DEVICE_FAMILY = "1,2";
				TEST_HOST = "$(BUILT_PRODUCTS_DIR)/ToneManager.app/ToneManager";
			};
			name = Release;
		};
		2497A661214251D400597B5C /* Debug */ = {
			isa = XCBuildConfiguration;
			baseConfigurationReference = 7B6239BE23ADD75B5B2F0250 /* Pods-ToneManagerUITests.debug.xcconfig */;
			buildSettings = {
				ALWAYS_EMBED_SWIFT_STANDARD_LIBRARIES = YES;
				CODE_SIGN_STYLE = Automatic;
				DEVELOPMENT_TEAM = 6VG5GK3UD7;
				INFOPLIST_FILE = ToneManagerUITests/Info.plist;
				LD_RUNPATH_SEARCH_PATHS = (
					"$(inherited)",
					"@executable_path/Frameworks",
					"@loader_path/Frameworks",
				);
				PRODUCT_BUNDLE_IDENTIFIER = fi.flodin.ToneManagerUITests;
				PRODUCT_NAME = "$(TARGET_NAME)";
				SWIFT_VERSION = 4.0;
				TARGETED_DEVICE_FAMILY = "1,2";
				TEST_TARGET_NAME = ToneManager;
			};
			name = Debug;
		};
		2497A662214251D400597B5C /* Release */ = {
			isa = XCBuildConfiguration;
			baseConfigurationReference = 28C8EA633FF5601A839E9E13 /* Pods-ToneManagerUITests.release.xcconfig */;
			buildSettings = {
				ALWAYS_EMBED_SWIFT_STANDARD_LIBRARIES = YES;
				CODE_SIGN_STYLE = Automatic;
				DEVELOPMENT_TEAM = 6VG5GK3UD7;
				INFOPLIST_FILE = ToneManagerUITests/Info.plist;
				LD_RUNPATH_SEARCH_PATHS = (
					"$(inherited)",
					"@executable_path/Frameworks",
					"@loader_path/Frameworks",
				);
				PRODUCT_BUNDLE_IDENTIFIER = fi.flodin.ToneManagerUITests;
				PRODUCT_NAME = "$(TARGET_NAME)";
				SWIFT_VERSION = 4.0;
				TARGETED_DEVICE_FAMILY = "1,2";
				TEST_TARGET_NAME = ToneManager;
			};
			name = Release;
		};
/* End XCBuildConfiguration section */

/* Begin XCConfigurationList section */
		2497A632214251D200597B5C /* Build configuration list for PBXProject "ToneManager" */ = {
			isa = XCConfigurationList;
			buildConfigurations = (
				2497A658214251D400597B5C /* Debug */,
				2497A659214251D400597B5C /* Release */,
			);
			defaultConfigurationIsVisible = 0;
			defaultConfigurationName = Release;
		};
		2497A65A214251D400597B5C /* Build configuration list for PBXNativeTarget "ToneManager" */ = {
			isa = XCConfigurationList;
			buildConfigurations = (
				2497A65B214251D400597B5C /* Debug */,
				2497A65C214251D400597B5C /* Release */,
			);
			defaultConfigurationIsVisible = 0;
			defaultConfigurationName = Release;
		};
		2497A65D214251D400597B5C /* Build configuration list for PBXNativeTarget "ToneManagerTests" */ = {
			isa = XCConfigurationList;
			buildConfigurations = (
				2497A65E214251D400597B5C /* Debug */,
				2497A65F214251D400597B5C /* Release */,
			);
			defaultConfigurationIsVisible = 0;
			defaultConfigurationName = Release;
		};
		2497A660214251D400597B5C /* Build configuration list for PBXNativeTarget "ToneManagerUITests" */ = {
			isa = XCConfigurationList;
			buildConfigurations = (
				2497A661214251D400597B5C /* Debug */,
				2497A662214251D400597B5C /* Release */,
			);
			defaultConfigurationIsVisible = 0;
			defaultConfigurationName = Release;
		};
/* End XCConfigurationList section */
	};
	rootObject = 2497A62F214251D200597B5C /* Project object */;
}
